Microsoft Visual Studio Solution File, Format Version 11.00
# Visual Studio 2008

Project("{3F7DA4F0-9BD3-9287-37C2-C887846EF16A}") = "lobby-server", "Assembly-CSharp-firstpass-vs.csproj", "{7C57CFD6-E2A1-0D59-918E-1F1D70C75985}"
EndProject
Project("{3F7DA4F0-9BD3-9287-37C2-C887846EF16A}") = "lobby-server", "Assembly-CSharp-vs.csproj", "{197FFC9C-502E-2974-6842-55A7CE60E723}"
EndProject
Project("{3F7DA4F0-9BD3-9287-37C2-C887846EF16A}") = "lobby-server", "Assembly-CSharp-Editor-firstpass-vs.csproj", "{795BFAD9-28B2-EB0F-81AA-608B4B33555C}"
EndProject
Global
	GlobalSection(SolutionConfigurationPlatforms) = preSolution
		Debug|Any CPU = Debug|Any CPU
		Release|Any CPU = Release|Any CPU
	EndGlobalSection
	GlobalSection(ProjectConfigurationPlatforms) = postSolution
		{7C57CFD6-E2A1-0D59-918E-1F1D70C75985}.Debug|Any CPU.ActiveCfg = Debug|Any CPU
		{7C57CFD6-E2A1-0D59-918E-1F1D70C75985}.Debug|Any CPU.Build.0 = Debug|Any CPU
		{7C57CFD6-E2A1-0D59-918E-1F1D70C75985}.Release|Any CPU.ActiveCfg = Release|Any CPU
		{7C57CFD6-E2A1-0D59-918E-1F1D70C75985}.Release|Any CPU.Build.0 = Release|Any CPU
		{197FFC9C-502E-2974-6842-55A7CE60E723}.Debug|Any CPU.ActiveCfg = Debug|Any CPU
		{197FFC9C-502E-2974-6842-55A7CE60E723}.Debug|Any CPU.Build.0 = Debug|Any CPU
		{197FFC9C-502E-2974-6842-55A7CE60E723}.Release|Any CPU.ActiveCfg = Release|Any CPU
		{197FFC9C-502E-2974-6842-55A7CE60E723}.Release|Any CPU.Build.0 = Release|Any CPU
		{795BFAD9-28B2-EB0F-81AA-608B4B33555C}.Debug|Any CPU.ActiveCfg = Debug|Any CPU
		{795BFAD9-28B2-EB0F-81AA-608B4B33555C}.Debug|Any CPU.Build.0 = Debug|Any CPU
		{795BFAD9-28B2-EB0F-81AA-608B4B33555C}.Release|Any CPU.ActiveCfg = Release|Any CPU
		{795BFAD9-28B2-EB0F-81AA-608B4B33555C}.Release|Any CPU.Build.0 = Release|Any CPU
	EndGlobalSection
	GlobalSection(SolutionProperties) = preSolution
		HideSolutionNode = FALSE
	EndGlobalSection
																														GlobalSection(MonoDevelopProperties) = preSolution
		StartupItem = Assembly-CSharp.csproj
		Policies = $0
		$0.TextStylePolicy = $1
		$1.inheritsSet = null
		$1.scope = text/x-csharp
		$0.CSharpFormattingPolicy = $2
		$2.inheritsSet = Mono
		$2.inheritsScope = text/x-csharp
		$2.scope = text/x-csharp
		$0.TextStylePolicy = $3
		$3.FileWidth = 120
		$3.TabWidth = 4
		$3.EolMarker = Unix
		$3.inheritsSet = Mono
		$3.inheritsScope = text/plain
		$3.scope = text/plain
	EndGlobalSection

EndGlobal
