Microsoft Visual Studio Solution File, Format Version 11.00
# Visual Studio 2008

Project("{E983F53E-DC43-E5CD-68A4-9139986180DD}") = "Login Server", "Assembly-CSharp-firstpass.csproj", "{47F15A16-B1DE-6C24-956E-A102EAC2FF02}"
EndProject
Project("{E983F53E-DC43-E5CD-68A4-9139986180DD}") = "Login Server", "Assembly-CSharp.csproj", "{F7BBB9DB-560E-6A68-57B0-DAA98048F9D9}"
EndProject
Project("{E983F53E-DC43-E5CD-68A4-9139986180DD}") = "Login Server", "Assembly-CSharp-Editor-firstpass.csproj", "{8B6EF0C3-E4B1-D85D-F002-6379C5A4AFF3}"
EndProject
Global
	GlobalSection(SolutionConfigurationPlatforms) = preSolution
		Debug|Any CPU = Debug|Any CPU
		Release|Any CPU = Release|Any CPU
	EndGlobalSection
	GlobalSection(ProjectConfigurationPlatforms) = postSolution
		{47F15A16-B1DE-6C24-956E-A102EAC2FF02}.Debug|Any CPU.ActiveCfg = Debug|Any CPU
		{47F15A16-B1DE-6C24-956E-A102EAC2FF02}.Debug|Any CPU.Build.0 = Debug|Any CPU
		{47F15A16-B1DE-6C24-956E-A102EAC2FF02}.Release|Any CPU.ActiveCfg = Release|Any CPU
		{47F15A16-B1DE-6C24-956E-A102EAC2FF02}.Release|Any CPU.Build.0 = Release|Any CPU
		{F7BBB9DB-560E-6A68-57B0-DAA98048F9D9}.Debug|Any CPU.ActiveCfg = Debug|Any CPU
		{F7BBB9DB-560E-6A68-57B0-DAA98048F9D9}.Debug|Any CPU.Build.0 = Debug|Any CPU
		{F7BBB9DB-560E-6A68-57B0-DAA98048F9D9}.Release|Any CPU.ActiveCfg = Release|Any CPU
		{F7BBB9DB-560E-6A68-57B0-DAA98048F9D9}.Release|Any CPU.Build.0 = Release|Any CPU
		{8B6EF0C3-E4B1-D85D-F002-6379C5A4AFF3}.Debug|Any CPU.ActiveCfg = Debug|Any CPU
		{8B6EF0C3-E4B1-D85D-F002-6379C5A4AFF3}.Debug|Any CPU.Build.0 = Debug|Any CPU
		{8B6EF0C3-E4B1-D85D-F002-6379C5A4AFF3}.Release|Any CPU.ActiveCfg = Release|Any CPU
		{8B6EF0C3-E4B1-D85D-F002-6379C5A4AFF3}.Release|Any CPU.Build.0 = Release|Any CPU
	EndGlobalSection
	GlobalSection(SolutionProperties) = preSolution
		HideSolutionNode = FALSE
	EndGlobalSection
																GlobalSection(MonoDevelopProperties) = preSolution
		StartupItem = Assembly-CSharp.csproj
		Policies = $0
		$0.TextStylePolicy = $1
		$1.inheritsSet = null
		$1.scope = text/x-csharp
		$0.CSharpFormattingPolicy = $2
		$2.inheritsSet = Mono
		$2.inheritsScope = text/x-csharp
		$2.scope = text/x-csharp
		$0.TextStylePolicy = $3
		$3.FileWidth = 120
		$3.TabWidth = 4
		$3.EolMarker = Unix
		$3.inheritsSet = Mono
		$3.inheritsScope = text/plain
		$3.scope = text/plain
	EndGlobalSection

EndGlobal
