Microsoft Visual Studio Solution File, Format Version 11.00
# Visual Studio 2008

Project("{23BE663D-1D2E-0CAA-A645-A090F92088B9}") = "Master Server", "Assembly-CSharp-firstpass.csproj", "{14893830-DD73-E863-B38E-882DDDCC2805}"
EndProject
Project("{23BE663D-1D2E-0CAA-A645-A090F92088B9}") = "Master Server", "Assembly-CSharp.csproj", "{78BB43F7-40BD-ED5D-E70A-E05AD434D58E}"
EndProject
Project("{23BE663D-1D2E-0CAA-A645-A090F92088B9}") = "Master Server", "Assembly-CSharp-Editor-firstpass.csproj", "{65A67641-37AB-6C22-A0CD-AEAB8AAF6481}"
EndProject
Global
	GlobalSection(SolutionConfigurationPlatforms) = preSolution
		Debug|Any CPU = Debug|Any CPU
		Release|Any CPU = Release|Any CPU
	EndGlobalSection
	GlobalSection(ProjectConfigurationPlatforms) = postSolution
		{14893830-DD73-E863-B38E-882DDDCC2805}.Debug|Any CPU.ActiveCfg = Debug|Any CPU
		{14893830-DD73-E863-B38E-882DDDCC2805}.Debug|Any CPU.Build.0 = Debug|Any CPU
		{14893830-DD73-E863-B38E-882DDDCC2805}.Release|Any CPU.ActiveCfg = Release|Any CPU
		{14893830-DD73-E863-B38E-882DDDCC2805}.Release|Any CPU.Build.0 = Release|Any CPU
		{78BB43F7-40BD-ED5D-E70A-E05AD434D58E}.Debug|Any CPU.ActiveCfg = Debug|Any CPU
		{78BB43F7-40BD-ED5D-E70A-E05AD434D58E}.Debug|Any CPU.Build.0 = Debug|Any CPU
		{78BB43F7-40BD-ED5D-E70A-E05AD434D58E}.Release|Any CPU.ActiveCfg = Release|Any CPU
		{78BB43F7-40BD-ED5D-E70A-E05AD434D58E}.Release|Any CPU.Build.0 = Release|Any CPU
		{65A67641-37AB-6C22-A0CD-AEAB8AAF6481}.Debug|Any CPU.ActiveCfg = Debug|Any CPU
		{65A67641-37AB-6C22-A0CD-AEAB8AAF6481}.Debug|Any CPU.Build.0 = Debug|Any CPU
		{65A67641-37AB-6C22-A0CD-AEAB8AAF6481}.Release|Any CPU.ActiveCfg = Release|Any CPU
		{65A67641-37AB-6C22-A0CD-AEAB8AAF6481}.Release|Any CPU.Build.0 = Release|Any CPU
	EndGlobalSection
	GlobalSection(SolutionProperties) = preSolution
		HideSolutionNode = FALSE
	EndGlobalSection
								GlobalSection(MonoDevelopProperties) = preSolution
		StartupItem = Assembly-CSharp.csproj
		Policies = $0
		$0.TextStylePolicy = $1
		$1.inheritsSet = null
		$1.scope = text/x-csharp
		$0.CSharpFormattingPolicy = $2
		$2.inheritsSet = Mono
		$2.inheritsScope = text/x-csharp
		$2.scope = text/x-csharp
		$0.TextStylePolicy = $3
		$3.FileWidth = 120
		$3.TabWidth = 4
		$3.EolMarker = Unix
		$3.inheritsSet = Mono
		$3.inheritsScope = text/plain
		$3.scope = text/plain
	EndGlobalSection

EndGlobal
